
Microsoft Visual Studio Solution File, Format Version 12.00
Project("{FAE04EC0-301F-11D3-BF4B-00C04F79EFBC}") = "GraphQLApplication", "GraphQLApplication\GraphQLApplication.csproj", "{DA64E7AB-3F2C-415F-AF73-32648BB050B3}"
EndProject
Project("{FAE04EC0-301F-11D3-BF4B-00C04F79EFBC}") = "GrpcService", "GrpcService\GrpcService.csproj", "{FBA1A6AE-E7EE-4B3C-994A-EB5885055C0F}"
EndProject
Project("{2150E333-8FDC-42A3-9474-1A3956D46DE8}") = "base", "base", "{F7BE7587-6099-43AD-B384-A52D2F4CBA1E}"
	ProjectSection(SolutionItems) = preProject
		base\ingress.yaml = base\ingress.yaml
		base\kustomization.yaml = base\kustomization.yaml
		base\service.yaml = base\service.yaml
		base\deployment.yaml = base\deployment.yaml
	EndProjectSection
EndProject
Project("{2150E333-8FDC-42A3-9474-1A3956D46DE8}") = "GrpcService", "GrpcService", "{12FCD00E-546A-4827-B48C-D3651719C17E}"
	ProjectSection(SolutionItems) = preProject
		GrpcService\overlays\kustomization.yaml = GrpcService\overlays\kustomization.yaml
		GrpcService\overlays\env = GrpcService\overlays\env
	EndProjectSection
EndProject
Project("{2150E333-8FDC-42A3-9474-1A3956D46DE8}") = "GraphQLApplication", "GraphQLApplication", "{20A7D736-23F9-4ED3-A6D3-A4E753E2518C}"
	ProjectSection(SolutionItems) = preProject
		GraphQLApplication\overlays\kustomization.yaml = GraphQLApplication\overlays\kustomization.yaml
		GraphQLApplication\overlays\env = GraphQLApplication\overlays\env
	EndProjectSection
EndProject
Global
	GlobalSection(SolutionConfigurationPlatforms) = preSolution
		Debug|Any CPU = Debug|Any CPU
		Release|Any CPU = Release|Any CPU
	EndGlobalSection
	GlobalSection(ProjectConfigurationPlatforms) = postSolution
		{DA64E7AB-3F2C-415F-AF73-32648BB050B3}.Debug|Any CPU.ActiveCfg = Debug|Any CPU
		{DA64E7AB-3F2C-415F-AF73-32648BB050B3}.Debug|Any CPU.Build.0 = Debug|Any CPU
		{DA64E7AB-3F2C-415F-AF73-32648BB050B3}.Release|Any CPU.ActiveCfg = Release|Any CPU
		{DA64E7AB-3F2C-415F-AF73-32648BB050B3}.Release|Any CPU.Build.0 = Release|Any CPU
		{FBA1A6AE-E7EE-4B3C-994A-EB5885055C0F}.Debug|Any CPU.ActiveCfg = Debug|Any CPU
		{FBA1A6AE-E7EE-4B3C-994A-EB5885055C0F}.Debug|Any CPU.Build.0 = Debug|Any CPU
		{FBA1A6AE-E7EE-4B3C-994A-EB5885055C0F}.Release|Any CPU.ActiveCfg = Release|Any CPU
		{FBA1A6AE-E7EE-4B3C-994A-EB5885055C0F}.Release|Any CPU.Build.0 = Release|Any CPU
	EndGlobalSection
	GlobalSection(NestedProjects) = preSolution
		{12FCD00E-546A-4827-B48C-D3651719C17E} = {F7BE7587-6099-43AD-B384-A52D2F4CBA1E}
		{20A7D736-23F9-4ED3-A6D3-A4E753E2518C} = {F7BE7587-6099-43AD-B384-A52D2F4CBA1E}
	EndGlobalSection
EndGlobal
